{
    "name": "monitoring",
    "version": "0.0.0",
    "lockfileVersion": 3,
    "requires": true,
    "packages": {
        "": {
            "name": "monitoring",
            "version": "0.0.0",
            "dependencies": {
                "@local/shared": "../shared",
                "dotenv": "^16.3.1",
                "mariadb": "^3.0.1",
                "randexp": "^0.5.3",
                "sequelize": "^6.35.2"
            },
            "devDependencies": {
                "typescript": "^4.8.3"
            }
        },
        "../shared": {
            "name": "shared",
            "version": "1.0.0",
            "dependencies": {
                "sequelize": "^6.35.2"
            },
            "devDependencies": {
                "typescript": "^5.3.3"
            }
        },
        "node_modules/@local/shared": {
            "resolved": "../shared",
            "link": true
        },
        "node_modules/@types/debug": {
            "version": "4.1.12",
            "resolved": "https://registry.npmjs.org/@types/debug/-/debug-4.1.12.tgz",
            "integrity": "sha512-vIChWdVG3LG1SMxEvI/AK+FWJthlrqlTu7fbrlywTkkaONwk/UAGaULXRlf8vkzFBLVm0zkMdCquhL5aOjhXPQ==",
            "dependencies": {
                "@types/ms": "*"
            }
        },
        "node_modules/@types/geojson": {
            "version": "7946.0.13",
            "resolved": "https://registry.npmjs.org/@types/geojson/-/geojson-7946.0.13.tgz",
            "integrity": "sha512-bmrNrgKMOhM3WsafmbGmC+6dsF2Z308vLFsQ3a/bT8X8Sv5clVYpPars/UPq+sAaJP+5OoLAYgwbkS5QEJdLUQ=="
        },
        "node_modules/@types/ms": {
            "version": "0.7.34",
            "resolved": "https://registry.npmjs.org/@types/ms/-/ms-0.7.34.tgz",
            "integrity": "sha512-nG96G3Wp6acyAgJqGasjODb+acrI7KltPiRxzHPXnP3NgI28bpQDRv53olbqGXbfcgF5aiiHmO3xpwEpS5Ld9g=="
        },
        "node_modules/@types/node": {
            "version": "17.0.45",
            "resolved": "https://registry.npmjs.org/@types/node/-/node-17.0.45.tgz",
            "integrity": "sha512-w+tIMs3rq2afQdsPJlODhoUEKzFP1ayaoyl1CcnwtIlsVe7K7bA1NGm4s3PraqTLlXnbIN84zuBlxBWo1u9BLw=="
        },
        "node_modules/@types/validator": {
            "version": "13.11.7",
            "resolved": "https://registry.npmjs.org/@types/validator/-/validator-13.11.7.tgz",
            "integrity": "sha512-q0JomTsJ2I5Mv7dhHhQLGjMvX0JJm5dyZ1DXQySIUzU1UlwzB8bt+R6+LODUbz0UDIOvEzGc28tk27gBJw2N8Q=="
        },
        "node_modules/debug": {
            "version": "4.3.4",
            "resolved": "https://registry.npmjs.org/debug/-/debug-4.3.4.tgz",
            "integrity": "sha512-PRWFHuSU3eDtQJPvnNY7Jcket1j0t5OuOsFzPPzsekD52Zl8qUfFIPEiswXqIvHWGVHOgX+7G/vCNNhehwxfkQ==",
            "dependencies": {
                "ms": "2.1.2"
            },
            "engines": {
                "node": ">=6.0"
            },
            "peerDependenciesMeta": {
                "supports-color": {
                    "optional": true
                }
            }
        },
        "node_modules/denque": {
            "version": "2.1.0",
            "resolved": "https://registry.npmjs.org/denque/-/denque-2.1.0.tgz",
            "integrity": "sha512-HVQE3AAb/pxF8fQAoiqpvg9i3evqug3hoiwakOyZAwJm+6vZehbkYXZ0l4JxS+I3QxM97v5aaRNhj8v5oBhekw==",
            "engines": {
                "node": ">=0.10"
            }
        },
        "node_modules/dotenv": {
            "version": "16.3.1",
            "resolved": "https://registry.npmjs.org/dotenv/-/dotenv-16.3.1.tgz",
            "integrity": "sha512-IPzF4w4/Rd94bA9imS68tZBaYyBWSCE47V1RGuMrB94iyTOIEwRmVL2x/4An+6mETpLrKJ5hQkB8W4kFAadeIQ==",
            "engines": {
                "node": ">=12"
            },
            "funding": {
                "url": "https://github.com/motdotla/dotenv?sponsor=1"
            }
        },
        "node_modules/dottie": {
            "version": "2.0.6",
            "resolved": "https://registry.npmjs.org/dottie/-/dottie-2.0.6.tgz",
            "integrity": "sha512-iGCHkfUc5kFekGiqhe8B/mdaurD+lakO9txNnTvKtA6PISrw86LgqHvRzWYPyoE2Ph5aMIrCw9/uko6XHTKCwA=="
        },
        "node_modules/drange": {
            "version": "1.1.1",
            "resolved": "https://registry.npmjs.org/drange/-/drange-1.1.1.tgz",
            "integrity": "sha512-pYxfDYpued//QpnLIm4Avk7rsNtAtQkUES2cwAYSvD/wd2pKD71gN2Ebj3e7klzXwjocvE8c5vx/1fxwpqmSxA==",
            "engines": {
                "node": ">=4"
            }
        },
        "node_modules/iconv-lite": {
            "version": "0.6.3",
            "resolved": "https://registry.npmjs.org/iconv-lite/-/iconv-lite-0.6.3.tgz",
            "integrity": "sha512-4fCk79wshMdzMp2rH06qWrJE4iolqLhCUH+OiuIgU++RB0+94NlDL81atO7GX55uUKueo0txHNtvEyI6D7WdMw==",
            "dependencies": {
                "safer-buffer": ">= 2.1.2 < 3.0.0"
            },
            "engines": {
                "node": ">=0.10.0"
            }
        },
        "node_modules/inflection": {
            "version": "1.13.4",
            "resolved": "https://registry.npmjs.org/inflection/-/inflection-1.13.4.tgz",
            "integrity": "sha512-6I/HUDeYFfuNCVS3td055BaXBwKYuzw7K3ExVMStBowKo9oOAMJIXIHvdyR3iboTCp1b+1i5DSkIZTcwIktuDw==",
            "engines": [
                "node >= 0.4.0"
            ]
        },
        "node_modules/lodash": {
            "version": "4.17.21",
            "resolved": "https://registry.npmjs.org/lodash/-/lodash-4.17.21.tgz",
            "integrity": "sha512-v2kDEe57lecTulaDIuNTPy3Ry4gLGJ6Z1O3vE1krgXZNrsQ+LFTGHVxVjcXPs17LhbZVGedAJv8XZ1tvj5FvSg=="
        },
        "node_modules/lru-cache": {
            "version": "10.1.0",
            "resolved": "https://registry.npmjs.org/lru-cache/-/lru-cache-10.1.0.tgz",
            "integrity": "sha512-/1clY/ui8CzjKFyjdvwPWJUYKiFVXG2I2cY0ssG7h4+hwk+XOIX7ZSG9Q7TW8TW3Kp3BUSqgFWBLgL4PJ+Blag==",
            "engines": {
                "node": "14 || >=16.14"
            }
        },
        "node_modules/mariadb": {
            "version": "3.2.3",
            "resolved": "https://registry.npmjs.org/mariadb/-/mariadb-3.2.3.tgz",
            "integrity": "sha512-Hyc1ehdUJwzvvzcLU2juZS528wJ6oE8pUlpgY0BAOdpKWcdN1motuugi5lC3jkpCkFpyNknHG7Yg66KASl3aPg==",
            "dependencies": {
                "@types/geojson": "^7946.0.10",
                "@types/node": "^17.0.45",
                "denque": "^2.1.0",
                "iconv-lite": "^0.6.3",
                "lru-cache": "^10.0.1"
            },
            "engines": {
                "node": ">= 12"
            }
        },
        "node_modules/moment": {
            "version": "2.30.0",
            "resolved": "https://registry.npmjs.org/moment/-/moment-2.30.0.tgz",
            "integrity": "sha512-8XSlYFhOSJvnEJOas6RpDCNU2PYeVC+oE33d3Z9tIsXpD8LIgBeqrHPjP8es4b3fcJpf07D1PJWGDUfdbqDLnQ==",
            "engines": {
                "node": "*"
            }
        },
        "node_modules/moment-timezone": {
            "version": "0.5.43",
            "resolved": "https://registry.npmjs.org/moment-timezone/-/moment-timezone-0.5.43.tgz",
            "integrity": "sha512-72j3aNyuIsDxdF1i7CEgV2FfxM1r6aaqJyLB2vwb33mXYyoyLly+F1zbWqhA3/bVIoJ4szlUoMbUnVdid32NUQ==",
            "dependencies": {
                "moment": "^2.29.4"
            },
            "engines": {
                "node": "*"
            }
        },
        "node_modules/ms": {
            "version": "2.1.2",
            "resolved": "https://registry.npmjs.org/ms/-/ms-2.1.2.tgz",
            "integrity": "sha512-sGkPx+VjMtmA6MX27oA4FBFELFCZZ4S4XqeGOXCv68tT+jb3vk/RyaKWP0PTKyWtmLSM0b+adUTEvbs1PEaH2w=="
        },
        "node_modules/pg-connection-string": {
            "version": "2.6.2",
            "resolved": "https://registry.npmjs.org/pg-connection-string/-/pg-connection-string-2.6.2.tgz",
            "integrity": "sha512-ch6OwaeaPYcova4kKZ15sbJ2hKb/VP48ZD2gE7i1J+L4MspCtBMAx8nMgz7bksc7IojCIIWuEhHibSMFH8m8oA=="
        },
        "node_modules/randexp": {
            "version": "0.5.3",
            "resolved": "https://registry.npmjs.org/randexp/-/randexp-0.5.3.tgz",
            "integrity": "sha512-U+5l2KrcMNOUPYvazA3h5ekF80FHTUG+87SEAmHZmolh1M+i/WyTCxVzmi+tidIa1tM4BSe8g2Y/D3loWDjj+w==",
            "dependencies": {
                "drange": "^1.0.2",
                "ret": "^0.2.0"
            },
            "engines": {
                "node": ">=4"
            }
        },
        "node_modules/ret": {
            "version": "0.2.2",
            "resolved": "https://registry.npmjs.org/ret/-/ret-0.2.2.tgz",
            "integrity": "sha512-M0b3YWQs7R3Z917WRQy1HHA7Ba7D8hvZg6UE5mLykJxQVE2ju0IXbGlaHPPlkY+WN7wFP+wUMXmBFA0aV6vYGQ==",
            "engines": {
                "node": ">=4"
            }
        },
        "node_modules/retry-as-promised": {
            "version": "7.0.4",
            "resolved": "https://registry.npmjs.org/retry-as-promised/-/retry-as-promised-7.0.4.tgz",
            "integrity": "sha512-XgmCoxKWkDofwH8WddD0w85ZfqYz+ZHlr5yo+3YUCfycWawU56T5ckWXsScsj5B8tqUcIG67DxXByo3VUgiAdA=="
        },
        "node_modules/safer-buffer": {
            "version": "2.1.2",
            "resolved": "https://registry.npmjs.org/safer-buffer/-/safer-buffer-2.1.2.tgz",
            "integrity": "sha512-YZo3K82SD7Riyi0E1EQPojLz7kpepnSQI9IyPbHHg1XXXevb5dJI7tpyN2ADxGcQbHG7vcyRHk0cbwqcQriUtg=="
        },
        "node_modules/semver": {
            "version": "7.5.4",
            "resolved": "https://registry.npmjs.org/semver/-/semver-7.5.4.tgz",
            "integrity": "sha512-1bCSESV6Pv+i21Hvpxp3Dx+pSD8lIPt8uVjRrxAUt/nbswYc+tK6Y2btiULjd4+fnq15PX+nqQDC7Oft7WkwcA==",
            "dependencies": {
                "lru-cache": "^6.0.0"
            },
            "bin": {
                "semver": "bin/semver.js"
            },
            "engines": {
                "node": ">=10"
            }
        },
        "node_modules/semver/node_modules/lru-cache": {
            "version": "6.0.0",
            "resolved": "https://registry.npmjs.org/lru-cache/-/lru-cache-6.0.0.tgz",
            "integrity": "sha512-Jo6dJ04CmSjuznwJSS3pUeWmd/H0ffTlkXXgwZi+eq1UCmqQwCh+eLsYOYCwY991i2Fah4h1BEMCx4qThGbsiA==",
            "dependencies": {
                "yallist": "^4.0.0"
            },
            "engines": {
                "node": ">=10"
            }
        },
        "node_modules/sequelize": {
            "version": "6.35.2",
            "resolved": "https://registry.npmjs.org/sequelize/-/sequelize-6.35.2.tgz",
            "integrity": "sha512-EdzLaw2kK4/aOnWQ7ed/qh3B6/g+1DvmeXr66RwbcqSm/+QRS9X0LDI5INBibsy4eNJHWIRPo3+QK0zL+IPBHg==",
            "funding": [
                {
                    "type": "opencollective",
                    "url": "https://opencollective.com/sequelize"
                }
            ],
            "dependencies": {
                "@types/debug": "^4.1.8",
                "@types/validator": "^13.7.17",
                "debug": "^4.3.4",
                "dottie": "^2.0.6",
                "inflection": "^1.13.4",
                "lodash": "^4.17.21",
                "moment": "^2.29.4",
                "moment-timezone": "^0.5.43",
                "pg-connection-string": "^2.6.1",
                "retry-as-promised": "^7.0.4",
                "semver": "^7.5.4",
                "sequelize-pool": "^7.1.0",
                "toposort-class": "^1.0.1",
                "uuid": "^8.3.2",
                "validator": "^13.9.0",
                "wkx": "^0.5.0"
            },
            "engines": {
                "node": ">=10.0.0"
            },
            "peerDependenciesMeta": {
                "ibm_db": {
                    "optional": true
                },
                "mariadb": {
                    "optional": true
                },
                "mysql2": {
                    "optional": true
                },
                "oracledb": {
                    "optional": true
                },
                "pg": {
                    "optional": true
                },
                "pg-hstore": {
                    "optional": true
                },
                "snowflake-sdk": {
                    "optional": true
                },
                "sqlite3": {
                    "optional": true
                },
                "tedious": {
                    "optional": true
                }
            }
        },
        "node_modules/sequelize-pool": {
            "version": "7.1.0",
            "resolved": "https://registry.npmjs.org/sequelize-pool/-/sequelize-pool-7.1.0.tgz",
            "integrity": "sha512-G9c0qlIWQSK29pR/5U2JF5dDQeqqHRragoyahj/Nx4KOOQ3CPPfzxnfqFPCSB7x5UgjOgnZ61nSxz+fjDpRlJg==",
            "engines": {
                "node": ">= 10.0.0"
            }
        },
        "node_modules/toposort-class": {
            "version": "1.0.1",
            "resolved": "https://registry.npmjs.org/toposort-class/-/toposort-class-1.0.1.tgz",
            "integrity": "sha512-OsLcGGbYF3rMjPUf8oKktyvCiUxSbqMMS39m33MAjLTC1DVIH6x3WSt63/M77ihI09+Sdfk1AXvfhCEeUmC7mg=="
        },
        "node_modules/typescript": {
            "version": "4.9.5",
            "resolved": "https://registry.npmjs.org/typescript/-/typescript-4.9.5.tgz",
            "integrity": "sha512-1FXk9E2Hm+QzZQ7z+McJiHL4NW1F2EzMu9Nq9i3zAaGqibafqYwCVU6WyWAuyQRRzOlxou8xZSyXLEN8oKj24g==",
            "dev": true,
            "bin": {
                "tsc": "bin/tsc",
                "tsserver": "bin/tsserver"
            },
            "engines": {
                "node": ">=4.2.0"
            }
        },
        "node_modules/uuid": {
            "version": "8.3.2",
            "resolved": "https://registry.npmjs.org/uuid/-/uuid-8.3.2.tgz",
            "integrity": "sha512-+NYs2QeMWy+GWFOEm9xnn6HCDp0l7QBD7ml8zLUmJ+93Q5NF0NocErnwkTkXVFNiX3/fpC6afS8Dhb/gz7R7eg==",
            "bin": {
                "uuid": "dist/bin/uuid"
            }
        },
        "node_modules/validator": {
            "version": "13.11.0",
            "resolved": "https://registry.npmjs.org/validator/-/validator-13.11.0.tgz",
            "integrity": "sha512-Ii+sehpSfZy+At5nPdnyMhx78fEoPDkR2XW/zimHEL3MyGJQOCQ7WeP20jPYRz7ZCpcKLB21NxuXHF3bxjStBQ==",
            "engines": {
                "node": ">= 0.10"
            }
        },
        "node_modules/wkx": {
            "version": "0.5.0",
            "resolved": "https://registry.npmjs.org/wkx/-/wkx-0.5.0.tgz",
            "integrity": "sha512-Xng/d4Ichh8uN4l0FToV/258EjMGU9MGcA0HV2d9B/ZpZB3lqQm7nkOdZdm5GhKtLLhAE7PiVQwN4eN+2YJJUg==",
            "dependencies": {
                "@types/node": "*"
            }
        },
        "node_modules/yallist": {
            "version": "4.0.0",
            "resolved": "https://registry.npmjs.org/yallist/-/yallist-4.0.0.tgz",
            "integrity": "sha512-3wdGidZyq5PB084XLES5TpOSRA3wjXAlIWMhum2kRcv/41Sn2emQ0dycQW4uZXLejwKvg6EsvbdlVL+FYEct7A=="
        }
    }
}
